
Microsoft Visual Studio Solution File, Format Version 12.00
# Visual Studio Version 16
VisualStudioVersion = 16.0.28803.156
MinimumVisualStudioVersion = 10.0.40219.1
Project("{8BC9CEB8-8B4A-11D0-8D11-00A0C91BC942}") = "Lab6_1", "Lab6_1.vcxproj", "{B9010A31-F647-4414-8A60-D7ADC6A2821D}"
EndProject
Global
	GlobalSection(SolutionConfigurationPlatforms) = preSolution
		Debug|x64 = Debug|x64
		Debug|x86 = Debug|x86
		Release|x64 = Release|x64
		Release|x86 = Release|x86
	EndGlobalSection
	GlobalSection(ProjectConfigurationPlatforms) = postSolution
		{B9010A31-F647-4414-8A60-D7ADC6A2821D}.Debug|x64.ActiveCfg = Debug|x64
		{B9010A31-F647-4414-8A60-D7ADC6A2821D}.Debug|x64.Build.0 = Debug|x64
		{B9010A31-F647-4414-8A60-D7ADC6A2821D}.Debug|x86.ActiveCfg = Debug|Win32
		{B9010A31-F647-4414-8A60-D7ADC6A2821D}.Debug|x86.Build.0 = Debug|Win32
		{B9010A31-F647-4414-8A60-D7ADC6A2821D}.Release|x64.ActiveCfg = Release|x64
		{B9010A31-F647-4414-8A60-D7ADC6A2821D}.Release|x64.Build.0 = Release|x64
		{B9010A31-F647-4414-8A60-D7ADC6A2821D}.Release|x86.ActiveCfg = Release|Win32
		{B9010A31-F647-4414-8A60-D7ADC6A2821D}.Release|x86.Build.0 = Release|Win32
	EndGlobalSection
	GlobalSection(SolutionProperties) = preSolution
		HideSolutionNode = FALSE
	EndGlobalSection
	GlobalSection(ExtensibilityGlobals) = postSolution
		SolutionGuid = {E7C5024E-9A4E-4C9D-8271-E93FC3BB5B07}
	EndGlobalSection
EndGlobal
