
Microsoft Visual Studio Solution File, Format Version 12.00
# Visual Studio Version 16
VisualStudioVersion = 16.0.28803.156
MinimumVisualStudioVersion = 10.0.40219.1
Project("{8BC9CEB8-8B4A-11D0-8D11-00A0C91BC942}") = "Lab5_2", "Lab5_2.vcxproj", "{C4001117-F7A5-4177-ACDE-C6286D017470}"
EndProject
Global
	GlobalSection(SolutionConfigurationPlatforms) = preSolution
		Debug|x64 = Debug|x64
		Debug|x86 = Debug|x86
		Release|x64 = Release|x64
		Release|x86 = Release|x86
	EndGlobalSection
	GlobalSection(ProjectConfigurationPlatforms) = postSolution
		{C4001117-F7A5-4177-ACDE-C6286D017470}.Debug|x64.ActiveCfg = Debug|x64
		{C4001117-F7A5-4177-ACDE-C6286D017470}.Debug|x64.Build.0 = Debug|x64
		{C4001117-F7A5-4177-ACDE-C6286D017470}.Debug|x86.ActiveCfg = Debug|Win32
		{C4001117-F7A5-4177-ACDE-C6286D017470}.Debug|x86.Build.0 = Debug|Win32
		{C4001117-F7A5-4177-ACDE-C6286D017470}.Release|x64.ActiveCfg = Release|x64
		{C4001117-F7A5-4177-ACDE-C6286D017470}.Release|x64.Build.0 = Release|x64
		{C4001117-F7A5-4177-ACDE-C6286D017470}.Release|x86.ActiveCfg = Release|Win32
		{C4001117-F7A5-4177-ACDE-C6286D017470}.Release|x86.Build.0 = Release|Win32
	EndGlobalSection
	GlobalSection(SolutionProperties) = preSolution
		HideSolutionNode = FALSE
	EndGlobalSection
	GlobalSection(ExtensibilityGlobals) = postSolution
		SolutionGuid = {76C6BF93-A019-4D84-9F13-DA7E7A10FE78}
	EndGlobalSection
EndGlobal
